
Microsoft Visual Studio Solution File, Format Version 12.00
# Visual Studio Version 17
VisualStudioVersion = 17.7.34024.191
MinimumVisualStudioVersion = 10.0.40219.1
Project("{FAE04EC0-301F-11D3-BF4B-00C04F79EFBC}") = "Pandatech.Crypto.Tests", "test/Pandatech.Crypto.Tests\Pandatech.Crypto.Tests.csproj", "{89D6535F-549C-4091-BF21-96565F098C3F}"
EndProject
Project("{FAE04EC0-301F-11D3-BF4B-00C04F79EFBC}") = "Pandatech.Crypto", "src/Pandatech.Crypto\Pandatech.Crypto.csproj", "{97B88123-20B1-4F0A-82E7-DFDD08A03B7C}"
EndProject
Project("{2150E333-8FDC-42A3-9474-1A3956D46DE8}") = "src", "src", "{D64571FB-E682-4D77-A631-DAD8E614F284}"
EndProject
Project("{2150E333-8FDC-42A3-9474-1A3956D46DE8}") = "test", "test", "{66D5292A-E8D3-42E6-923B-20F6908105D4}"
EndProject
Project("{2150E333-8FDC-42A3-9474-1A3956D46DE8}") = "Solution Items", "Solution Items", "{88D1AD3C-583A-4F7C-84B9-504613641C5E}"
	ProjectSection(SolutionItems) = preProject
		.github\workflows\main.yml = .github\workflows\main.yml
		.gitignore = .gitignore
		Readme.md = Readme.md
	EndProjectSection
EndProject
Global
	GlobalSection(SolutionConfigurationPlatforms) = preSolution
		Debug|Any CPU = Debug|Any CPU
		Release|Any CPU = Release|Any CPU
	EndGlobalSection
	GlobalSection(ProjectConfigurationPlatforms) = postSolution
		{89D6535F-549C-4091-BF21-96565F098C3F}.Debug|Any CPU.ActiveCfg = Debug|Any CPU
		{89D6535F-549C-4091-BF21-96565F098C3F}.Debug|Any CPU.Build.0 = Debug|Any CPU
		{89D6535F-549C-4091-BF21-96565F098C3F}.Release|Any CPU.ActiveCfg = Release|Any CPU
		{89D6535F-549C-4091-BF21-96565F098C3F}.Release|Any CPU.Build.0 = Release|Any CPU
		{97B88123-20B1-4F0A-82E7-DFDD08A03B7C}.Debug|Any CPU.ActiveCfg = Debug|Any CPU
		{97B88123-20B1-4F0A-82E7-DFDD08A03B7C}.Debug|Any CPU.Build.0 = Debug|Any CPU
		{97B88123-20B1-4F0A-82E7-DFDD08A03B7C}.Release|Any CPU.ActiveCfg = Release|Any CPU
		{97B88123-20B1-4F0A-82E7-DFDD08A03B7C}.Release|Any CPU.Build.0 = Release|Any CPU
	EndGlobalSection
	GlobalSection(SolutionProperties) = preSolution
		HideSolutionNode = FALSE
	EndGlobalSection
	GlobalSection(ExtensibilityGlobals) = postSolution
		SolutionGuid = {D31D47F1-8D94-40DB-AEEA-9AF87866DECC}
	EndGlobalSection
	GlobalSection(NestedProjects) = preSolution
		{97B88123-20B1-4F0A-82E7-DFDD08A03B7C} = {D64571FB-E682-4D77-A631-DAD8E614F284}
		{89D6535F-549C-4091-BF21-96565F098C3F} = {66D5292A-E8D3-42E6-923B-20F6908105D4}
	EndGlobalSection
EndGlobal
