
Microsoft Visual Studio Solution File, Format Version 12.00
# Visual Studio Version 17
VisualStudioVersion = 17.7.34024.191
MinimumVisualStudioVersion = 10.0.40219.1
Project("{9A19103F-16F7-4668-BE54-9A1E7A4F7556}") = "Pandatech.Crypto", "PandatechCrypto\Pandatech.Crypto.csproj", "{04362C72-3011-466E-81BB-FFBFC94D02C7}"
EndProject
Project("{FAE04EC0-301F-11D3-BF4B-00C04F79EFBC}") = "Pandatech.Crypto.Tess", "Pandatech.Crypto.Tess\Pandatech.Crypto.Tess.csproj", "{89D6535F-549C-4091-BF21-96565F098C3F}"
EndProject
Global
	GlobalSection(SolutionConfigurationPlatforms) = preSolution
		Debug|Any CPU = Debug|Any CPU
		Release|Any CPU = Release|Any CPU
	EndGlobalSection
	GlobalSection(ProjectConfigurationPlatforms) = postSolution
		{04362C72-3011-466E-81BB-FFBFC94D02C7}.Debug|Any CPU.ActiveCfg = Debug|Any CPU
		{04362C72-3011-466E-81BB-FFBFC94D02C7}.Debug|Any CPU.Build.0 = Debug|Any CPU
		{04362C72-3011-466E-81BB-FFBFC94D02C7}.Release|Any CPU.ActiveCfg = Release|Any CPU
		{04362C72-3011-466E-81BB-FFBFC94D02C7}.Release|Any CPU.Build.0 = Release|Any CPU
		{89D6535F-549C-4091-BF21-96565F098C3F}.Debug|Any CPU.ActiveCfg = Debug|Any CPU
		{89D6535F-549C-4091-BF21-96565F098C3F}.Debug|Any CPU.Build.0 = Debug|Any CPU
		{89D6535F-549C-4091-BF21-96565F098C3F}.Release|Any CPU.ActiveCfg = Release|Any CPU
		{89D6535F-549C-4091-BF21-96565F098C3F}.Release|Any CPU.Build.0 = Release|Any CPU
	EndGlobalSection
	GlobalSection(SolutionProperties) = preSolution
		HideSolutionNode = FALSE
	EndGlobalSection
	GlobalSection(ExtensibilityGlobals) = postSolution
		SolutionGuid = {D31D47F1-8D94-40DB-AEEA-9AF87866DECC}
	EndGlobalSection
EndGlobal
